lockfileVersion: '9.0'

settings:
  autoInstallPeers: true
  excludeLinksFromLockfile: false

importers:

  .:
    dependencies:
      lodash-es:
        specifier: ^4.17.22
        version: 4.17.22

packages:

  lodash-es@4.17.22:
    resolution: {integrity: sha512-XEawp1t0gxSi9x01glktRZ5HDy0HXqrM0x5pXQM98EaI0NxO6jVM7omDOxsuEo5UIASAnm2bRp1Jt/e0a2XU8Q==}

snapshots:

  lodash-es@4.17.22: {}
